
Microsoft Visual Studio Solution File, Format Version 12.00
# Visual Studio Version 16
VisualStudioVersion = 16.0.30309.148
MinimumVisualStudioVersion = 10.0.40219.1
Project("{FAE04EC0-301F-11D3-BF4B-00C04F79EFBC}") = "VersionControl", "VersionControl\VersionControl.csproj", "{023B84E1-E020-42F0-B787-E29FEFD8172D}"
EndProject
Global
	GlobalSection(SolutionConfigurationPlatforms) = preSolution
		Debug|Any CPU = Debug|Any CPU
		Release|Any CPU = Release|Any CPU
	EndGlobalSection
	GlobalSection(ProjectConfigurationPlatforms) = postSolution
		{023B84E1-E020-42F0-B787-E29FEFD8172D}.Debug|Any CPU.ActiveCfg = Debug|Any CPU
		{023B84E1-E020-42F0-B787-E29FEFD8172D}.Debug|Any CPU.Build.0 = Debug|Any CPU
		{023B84E1-E020-42F0-B787-E29FEFD8172D}.Release|Any CPU.ActiveCfg = Release|Any CPU
		{023B84E1-E020-42F0-B787-E29FEFD8172D}.Release|Any CPU.Build.0 = Release|Any CPU
	EndGlobalSection
	GlobalSection(SolutionProperties) = preSolution
		HideSolutionNode = FALSE
	EndGlobalSection
	GlobalSection(ExtensibilityGlobals) = postSolution
		SolutionGuid = {C5EA0CAB-08E4-4673-99B9-C4D5C6C9A82D}
	EndGlobalSection
EndGlobal
